
Microsoft Visual Studio Solution File, Format Version 12.00
# Visual Studio Version 16
VisualStudioVersion = 16.0.30114.105
MinimumVisualStudioVersion = 10.0.40219.1
Project("{FAE04EC0-301F-11D3-BF4B-00C04F79EFBC}") = "ClientTCP", "ClientTCP\ClientTCP.csproj", "{8EAE192F-8A81-46EC-A9FA-C7F6BB79954C}"
EndProject
Project("{FAE04EC0-301F-11D3-BF4B-00C04F79EFBC}") = "ServerTCP", "ServerTCP\ServerTCP.csproj", "{84E0359B-3944-46AC-8B7D-537331A646EB}"
EndProject
Project("{FAE04EC0-301F-11D3-BF4B-00C04F79EFBC}") = "Shared", "Shared\Shared.csproj", "{3AD0FBA0-B019-46F4-9FE8-D49BFA047727}"
EndProject
Global
	GlobalSection(SolutionConfigurationPlatforms) = preSolution
		Debug|Any CPU = Debug|Any CPU
		Release|Any CPU = Release|Any CPU
	EndGlobalSection
	GlobalSection(ProjectConfigurationPlatforms) = postSolution
		{8EAE192F-8A81-46EC-A9FA-C7F6BB79954C}.Debug|Any CPU.ActiveCfg = Debug|Any CPU
		{8EAE192F-8A81-46EC-A9FA-C7F6BB79954C}.Debug|Any CPU.Build.0 = Debug|Any CPU
		{8EAE192F-8A81-46EC-A9FA-C7F6BB79954C}.Release|Any CPU.ActiveCfg = Release|Any CPU
		{8EAE192F-8A81-46EC-A9FA-C7F6BB79954C}.Release|Any CPU.Build.0 = Release|Any CPU
		{84E0359B-3944-46AC-8B7D-537331A646EB}.Debug|Any CPU.ActiveCfg = Debug|Any CPU
		{84E0359B-3944-46AC-8B7D-537331A646EB}.Debug|Any CPU.Build.0 = Debug|Any CPU
		{84E0359B-3944-46AC-8B7D-537331A646EB}.Release|Any CPU.ActiveCfg = Release|Any CPU
		{84E0359B-3944-46AC-8B7D-537331A646EB}.Release|Any CPU.Build.0 = Release|Any CPU
		{3AD0FBA0-B019-46F4-9FE8-D49BFA047727}.Debug|Any CPU.ActiveCfg = Debug|Any CPU
		{3AD0FBA0-B019-46F4-9FE8-D49BFA047727}.Debug|Any CPU.Build.0 = Debug|Any CPU
		{3AD0FBA0-B019-46F4-9FE8-D49BFA047727}.Release|Any CPU.ActiveCfg = Release|Any CPU
		{3AD0FBA0-B019-46F4-9FE8-D49BFA047727}.Release|Any CPU.Build.0 = Release|Any CPU
	EndGlobalSection
	GlobalSection(SolutionProperties) = preSolution
		HideSolutionNode = FALSE
	EndGlobalSection
	GlobalSection(ExtensibilityGlobals) = postSolution
		SolutionGuid = {0A1266A3-0898-47E5-B6DC-9839786E5287}
	EndGlobalSection
EndGlobal
